{
  "name": "node-red-contrib-nut-ups",
  "version": "1.1.0",
  "lockfileVersion": 1,
  "requires": true,
  "dependencies": {
    "node-nut": {
      "version": "1.0.3",
      "resolved": "https://registry.npmjs.org/node-nut/-/node-nut-1.0.3.tgz",
      "integrity": "sha1-xdYF9hWtlcgY6oiSxpK7nUnEZi0="
    }
  }
}
